PODS:
  - Eureka (5.5.0)
  - MenuItemKit (4.0.1)
  - SnapKit (5.7.1)

DEPENDENCIES:
  - Eureka (~> 5.5)
  - MenuItemKit (~> 4.0)
  - SnapKit (~> 5.7)

SPEC REPOS:
  https://mirrors.tuna.tsinghua.edu.cn/git/CocoaPods/Specs.git:
    - Eureka
    - MenuItemKit
    - SnapKit

SPEC CHECKSUMS:
  Eureka: 1c18c7fcd8f772cc2ca42d6be36292dffa77eecb
  MenuItemKit: 1459920e984d823e1bcc858b7a964f94e6bfa0f6
  SnapKit: d612e99e678a2d3b95bf60b0705ed0a35c03484a

PODFILE CHECKSUM: 2e95bbc09f7b1cfbee6938c28054a1e6c4a9a4d3

COCOAPODS: 1.16.2
